// !$*UTF8*$!
{
	archiveVersion = 1;
	classes = {
	};
	objectVersion = 46;
	objects = {

/* Begin PBXBuildFile section */
		56258B7C18C951BE0098773D /* Foundation.framework in Frameworks */ = {isa = PBXBuildFile; fileRef = 56258B7B18C951BE0098773D /* Foundation.framework */; };
		56258B7E18C951BE0098773D /* CoreGraphics.framework in Frameworks */ = {isa = PBXBuildFile; fileRef = 56258B7D18C951BE0098773D /* CoreGraphics.framework */; };
		56258B8018C951BE0098773D /* UIKit.framework in Frameworks */ = {isa = PBXBuildFile; fileRef = 56258B7F18C951BE0098773D /* UIKit.framework */; };
		56258B8618C951BE0098773D /* InfoPlist.strings in Resources */ = {isa = PBXBuildFile; fileRef = 56258B8418C951BE0098773D /* InfoPlist.strings */; };
		56258B8818C951BE0098773D /* main.m in Sources */ = {isa = PBXBuildFile; fileRef = 56258B8718C951BE0098773D /* main.m */; };
		56258B8C18C951BF0098773D /* MOAppDelegate.m in Sources */ = {isa = PBXBuildFile; fileRef = 56258B8B18C951BE0098773D /* MOAppDelegate.m */; };
		56258B8E18C951BF0098773D /* Images.xcassets in Resources */ = {isa = PBXBuildFile; fileRef = 56258B8D18C951BF0098773D /* Images.xcassets */; };
		56258B9518C951BF0098773D /* XCTest.framework in Frameworks */ = {isa = PBXBuildFile; fileRef = 56258B9418C951BF0098773D /* XCTest.framework */; };
		56258B9618C951BF0098773D /* Foundation.framework in Frameworks */ = {isa = PBXBuildFile; fileRef = 56258B7B18C951BE0098773D /* Foundation.framework */; };
		56258B9718C951BF0098773D /* UIKit.framework in Frameworks */ = {isa = PBXBuildFile; fileRef = 56258B7F18C951BE0098773D /* UIKit.framework */; };
		56258B9F18C951BF0098773D /* InfoPlist.strings in Resources */ = {isa = PBXBuildFile; fileRef = 56258B9D18C951BF0098773D /* InfoPlist.strings */; };
		56258BA118C951BF0098773D /* ExampleTests.m in Sources */ = {isa = PBXBuildFile; fileRef = 56258BA018C951BF0098773D /* ExampleTests.m */; };
		564D150018C96E4A00174EA0 /* .gitkeep in Resources */ = {isa = PBXBuildFile; fileRef = 564D14FB18C96E4A00174EA0 /* .gitkeep */; };
		564D150118C96E4A00174EA0 /* MOProximityService.m in Sources */ = {isa = PBXBuildFile; fileRef = 564D14FF18C96E4A00174EA0 /* MOProximityService.m */; };
		747113683D514775B844949C /* libPods.a in Frameworks */ = {isa = PBXBuildFile; fileRef = F4430780ABC54C8886DC08AF /* libPods.a */; };
/* End PBXBuildFile section */

/* Begin PBXContainerItemProxy section */
		56258B9818C951BF0098773D /* PBXContainerItemProxy */ = {
			isa = PBXContainerItemProxy;
			containerPortal = 56258B7018C951BE0098773D /* Project object */;
			proxyType = 1;
			remoteGlobalIDString = 56258B7718C951BE0098773D;
			remoteInfo = Example;
		};
/* End PBXContainerItemProxy section */

/* Begin PBXFileReference section */
		56258B7818C951BE0098773D /* Example.app */ = {isa = PBXFileReference; explicitFileType = wrapper.application; includeInIndex = 0; path = Example.app; sourceTree = BUILT_PRODUCTS_DIR; };
		56258B7B18C951BE0098773D /* Foundation.framework */ = {isa = PBXFileReference; lastKnownFileType = wrapper.framework; name = Foundation.framework; path = System/Library/Frameworks/Foundation.framework; sourceTree = SDKROOT; };
		56258B7D18C951BE0098773D /* CoreGraphics.framework */ = {isa = PBXFileReference; lastKnownFileType = wrapper.framework; name = CoreGraphics.framework; path = System/Library/Frameworks/CoreGraphics.framework; sourceTree = SDKROOT; };
		56258B7F18C951BE0098773D /* UIKit.framework */ = {isa = PBXFileReference; lastKnownFileType = wrapper.framework; name = UIKit.framework; path = System/Library/Frameworks/UIKit.framework; sourceTree = SDKROOT; };
		56258B8318C951BE0098773D /* Example-Info.plist */ = {isa = PBXFileReference; lastKnownFileType = text.plist.xml; path = "Example-Info.plist"; sourceTree = "<group>"; };
		56258B8518C951BE0098773D /* en */ = {isa = PBXFileReference; lastKnownFileType = text.plist.strings; name = en; path = en.lproj/InfoPlist.strings; sourceTree = "<group>"; };
		56258B8718C951BE0098773D /* main.m */ = {isa = PBXFileReference; lastKnownFileType = sourcecode.c.objc; path = main.m; sourceTree = "<group>"; };
		56258B8918C951BE0098773D /* Example-Prefix.pch */ = {isa = PBXFileReference; lastKnownFileType = sourcecode.c.h; path = "Example-Prefix.pch"; sourceTree = "<group>"; };
		56258B8A18C951BE0098773D /* MOAppDelegate.h */ = {isa = PBXFileReference; lastKnownFileType = sourcecode.c.h; path = MOAppDelegate.h; sourceTree = "<group>"; };
		56258B8B18C951BE0098773D /* MOAppDelegate.m */ = {isa = PBXFileReference; lastKnownFileType = sourcecode.c.objc; path = MOAppDelegate.m; sourceTree = "<group>"; };
		56258B8D18C951BF0098773D /* Images.xcassets */ = {isa = PBXFileReference; lastKnownFileType = folder.assetcatalog; path = Images.xcassets; sourceTree = "<group>"; };
		56258B9318C951BF0098773D /* ExampleTests.xctest */ = {isa = PBXFileReference; explicitFileType = wrapper.cfbundle; includeInIndex = 0; path = ExampleTests.xctest; sourceTree = BUILT_PRODUCTS_DIR; };
		56258B9418C951BF0098773D /* XCTest.framework */ = {isa = PBXFileReference; lastKnownFileType = wrapper.framework; name = XCTest.framework; path = Library/Frameworks/XCTest.framework; sourceTree = DEVELOPER_DIR; };
		56258B9C18C951BF0098773D /* ExampleTests-Info.plist */ = {isa = PBXFileReference; lastKnownFileType = text.plist.xml; path = "ExampleTests-Info.plist"; sourceTree = "<group>"; };
		56258B9E18C951BF0098773D /* en */ = {isa = PBXFileReference; lastKnownFileType = text.plist.strings; name = en; path = en.lproj/InfoPlist.strings; sourceTree = "<group>"; };
		56258BA018C951BF0098773D /* ExampleTests.m */ = {isa = PBXFileReference; lastKnownFileType = sourcecode.c.objc; path = ExampleTests.m; sourceTree = "<group>"; };
		564D14FB18C96E4A00174EA0 /* .gitkeep */ = {isa = PBXFileReference; fileEncoding = 4; lastKnownFileType = text; path = .gitkeep; sourceTree = "<group>"; };
		564D14FE18C96E4A00174EA0 /* MOProximityService.h */ = {isa = PBXFileReference; fileEncoding = 4; lastKnownFileType = sourcecode.c.h; path = MOProximityService.h; sourceTree = "<group>"; };
		564D14FF18C96E4A00174EA0 /* MOProximityService.m */ = {isa = PBXFileReference; fileEncoding = 4; lastKnownFileType = sourcecode.c.objc; path = MOProximityService.m; sourceTree = "<group>"; };
		B8212E0837F64D8A90158EBC /* Pods.xcconfig */ = {isa = PBXFileReference; includeInIndex = 1; lastKnownFileType = text.xcconfig; name = Pods.xcconfig; path = Pods/Pods.xcconfig; sourceTree = "<group>"; };
		F4430780ABC54C8886DC08AF /* libPods.a */ = {isa = PBXFileReference; explicitFileType = archive.ar; includeInIndex = 0; path = libPods.a; sourceTree = BUILT_PRODUCTS_DIR; };
/* End PBXFileReference section */

/* Begin PBXFrameworksBuildPhase section */
		56258B7518C951BE0098773D /* Frameworks */ = {
			isa = PBXFrameworksBuildPhase;
			buildActionMask = 2147483647;
			files = (
				56258B7E18C951BE0098773D /* CoreGraphics.framework in Frameworks */,
				56258B8018C951BE0098773D /* UIKit.framework in Frameworks */,
				56258B7C18C951BE0098773D /* Foundation.framework in Frameworks */,
				747113683D514775B844949C /* libPods.a in Frameworks */,
			);
			runOnlyForDeploymentPostprocessing = 0;
		};
		56258B9018C951BF0098773D /* Frameworks */ = {
			isa = PBXFrameworksBuildPhase;
			buildActionMask = 2147483647;
			files = (
				56258B9518C951BF0098773D /* XCTest.framework in Frameworks */,
				56258B9718C951BF0098773D /* UIKit.framework in Frameworks */,
				56258B9618C951BF0098773D /* Foundation.framework in Frameworks */,
			);
			runOnlyForDeploymentPostprocessing = 0;
		};
/* End PBXFrameworksBuildPhase section */

/* Begin PBXGroup section */
		56258B6F18C951BE0098773D = {
			isa = PBXGroup;
			children = (
				564D14F918C96E4A00174EA0 /* Classes */,
				56258B8118C951BE0098773D /* Example */,
				56258B9A18C951BF0098773D /* ExampleTests */,
				56258B7A18C951BE0098773D /* Frameworks */,
				56258B7918C951BE0098773D /* Products */,
				B8212E0837F64D8A90158EBC /* Pods.xcconfig */,
			);
			sourceTree = "<group>";
		};
		56258B7918C951BE0098773D /* Products */ = {
			isa = PBXGroup;
			children = (
				56258B7818C951BE0098773D /* Example.app */,
				56258B9318C951BF0098773D /* ExampleTests.xctest */,
			);
			name = Products;
			sourceTree = "<group>";
		};
		56258B7A18C951BE0098773D /* Frameworks */ = {
			isa = PBXGroup;
			children = (
				56258B7B18C951BE0098773D /* Foundation.framework */,
				56258B7D18C951BE0098773D /* CoreGraphics.framework */,
				56258B7F18C951BE0098773D /* UIKit.framework */,
				56258B9418C951BF0098773D /* XCTest.framework */,
				F4430780ABC54C8886DC08AF /* libPods.a */,
			);
			name = Frameworks;
			sourceTree = "<group>";
		};
		56258B8118C951BE0098773D /* Example */ = {
			isa = PBXGroup;
			children = (
				56258B8A18C951BE0098773D /* MOAppDelegate.h */,
				56258B8B18C951BE0098773D /* MOAppDelegate.m */,
				56258B8D18C951BF0098773D /* Images.xcassets */,
				56258B8218C951BE0098773D /* Supporting Files */,
			);
			path = Example;
			sourceTree = "<group>";
		};
		56258B8218C951BE0098773D /* Supporting Files */ = {
			isa = PBXGroup;
			children = (
				56258B8318C951BE0098773D /* Example-Info.plist */,
				56258B8418C951BE0098773D /* InfoPlist.strings */,
				56258B8718C951BE0098773D /* main.m */,
				56258B8918C951BE0098773D /* Example-Prefix.pch */,
			);
			name = "Supporting Files";
			sourceTree = "<group>";
		};
		56258B9A18C951BF0098773D /* ExampleTests */ = {
			isa = PBXGroup;
			children = (
				56258BA018C951BF0098773D /* ExampleTests.m */,
				56258B9B18C951BF0098773D /* Supporting Files */,
			);
			path = ExampleTests;
			sourceTree = "<group>";
		};
		56258B9B18C951BF0098773D /* Supporting Files */ = {
			isa = PBXGroup;
			children = (
				56258B9C18C951BF0098773D /* ExampleTests-Info.plist */,
				56258B9D18C951BF0098773D /* InfoPlist.strings */,
			);
			name = "Supporting Files";
			sourceTree = "<group>";
		};
		564D14F918C96E4A00174EA0 /* Classes */ = {
			isa = PBXGroup;
			children = (
				564D14FA18C96E4A00174EA0 /* ios */,
			);
			name = Classes;
			path = ../Classes;
			sourceTree = "<group>";
		};
		564D14FA18C96E4A00174EA0 /* ios */ = {
			isa = PBXGroup;
			children = (
				564D14FB18C96E4A00174EA0 /* .gitkeep */,
				564D14FC18C96E4A00174EA0 /* Models */,
				564D14FD18C96E4A00174EA0 /* Services */,
			);
			path = ios;
			sourceTree = "<group>";
		};
		564D14FC18C96E4A00174EA0 /* Models */ = {
			isa = PBXGroup;
			children = (
			);
			path = Models;
			sourceTree = "<group>";
		};
		564D14FD18C96E4A00174EA0 /* Services */ = {
			isa = PBXGroup;
			children = (
				564D14FE18C96E4A00174EA0 /* MOProximityService.h */,
				564D14FF18C96E4A00174EA0 /* MOProximityService.m */,
			);
			path = Services;
			sourceTree = "<group>";
		};
/* End PBXGroup section */

/* Begin PBXNativeTarget section */
		56258B7718C951BE0098773D /* Example */ = {
			isa = PBXNativeTarget;
			buildConfigurationList = 56258BA418C951BF0098773D /* Build configuration list for PBXNativeTarget "Example" */;
			buildPhases = (
				EA9A3FA48A8140328AF62BBF /* Check Pods Manifest.lock */,
				56258B7418C951BE0098773D /* Sources */,
				56258B7518C951BE0098773D /* Frameworks */,
				56258B7618C951BE0098773D /* Resources */,
				F5CFBDB3C6FE4022A65F076E /* Copy Pods Resources */,
			);
			buildRules = (
			);
			dependencies = (
			);
			name = Example;
			productName = Example;
			productReference = 56258B7818C951BE0098773D /* Example.app */;
			productType = "com.apple.product-type.application";
		};
		56258B9218C951BF0098773D /* ExampleTests */ = {
			isa = PBXNativeTarget;
			buildConfigurationList = 56258BA718C951BF0098773D /* Build configuration list for PBXNativeTarget "ExampleTests" */;
			buildPhases = (
				56258B8F18C951BF0098773D /* Sources */,
				56258B9018C951BF0098773D /* Frameworks */,
				56258B9118C951BF0098773D /* Resources */,
			);
			buildRules = (
			);
			dependencies = (
				56258B9918C951BF0098773D /* PBXTargetDependency */,
			);
			name = ExampleTests;
			productName = ExampleTests;
			productReference = 56258B9318C951BF0098773D /* ExampleTests.xctest */;
			productType = "com.apple.product-type.bundle.unit-test";
		};
/* End PBXNativeTarget section */

/* Begin PBXProject section */
		56258B7018C951BE0098773D /* Project object */ = {
			isa = PBXProject;
			attributes = {
				CLASSPREFIX = MO;
				LastUpgradeCheck = 0500;
				ORGANIZATIONNAME = Motio;
				TargetAttributes = {
					56258B9218C951BF0098773D = {
						TestTargetID = 56258B7718C951BE0098773D;
					};
				};
			};
			buildConfigurationList = 56258B7318C951BE0098773D /* Build configuration list for PBXProject "Example" */;
			compatibilityVersion = "Xcode 3.2";
			developmentRegion = English;
			hasScannedForEncodings = 0;
			knownRegions = (
				en,
			);
			mainGroup = 56258B6F18C951BE0098773D;
			productRefGroup = 56258B7918C951BE0098773D /* Products */;
			projectDirPath = "";
			projectRoot = "";
			targets = (
				56258B7718C951BE0098773D /* Example */,
				56258B9218C951BF0098773D /* ExampleTests */,
			);
		};
/* End PBXProject section */

/* Begin PBXResourcesBuildPhase section */
		56258B7618C951BE0098773D /* Resources */ = {
			isa = PBXResourcesBuildPhase;
			buildActionMask = 2147483647;
			files = (
				564D150018C96E4A00174EA0 /* .gitkeep in Resources */,
				56258B8618C951BE0098773D /* InfoPlist.strings in Resources */,
				56258B8E18C951BF0098773D /* Images.xcassets in Resources */,
			);
			runOnlyForDeploymentPostprocessing = 0;
		};
		56258B9118C951BF0098773D /* Resources */ = {
			isa = PBXResourcesBuildPhase;
			buildActionMask = 2147483647;
			files = (
				56258B9F18C951BF0098773D /* InfoPlist.strings in Resources */,
			);
			runOnlyForDeploymentPostprocessing = 0;
		};
/* End PBXResourcesBuildPhase section */

/* Begin PBXShellScriptBuildPhase section */
		EA9A3FA48A8140328AF62BBF /* Check Pods Manifest.lock */ = {
			isa = PBXShellScriptBuildPhase;
			buildActionMask = 2147483647;
			files = (
			);
			inputPaths = (
			);
			name = "Check Pods Manifest.lock";
			outputPaths = (
			);
			runOnlyForDeploymentPostprocessing = 0;
			shellPath = /bin/sh;
			shellScript = "diff \"${PODS_ROOT}/../Podfile.lock\" \"${PODS_ROOT}/Manifest.lock\" > /dev/null\nif [[ $? != 0 ]] ; then\n    cat << EOM\nerror: The sandbox is not in sync with the Podfile.lock. Run 'pod install' or update your CocoaPods installation.\nEOM\n    exit 1\nfi\n";
			showEnvVarsInLog = 0;
		};
		F5CFBDB3C6FE4022A65F076E /* Copy Pods Resources */ = {
			isa = PBXShellScriptBuildPhase;
			buildActionMask = 2147483647;
			files = (
			);
			inputPaths = (
			);
			name = "Copy Pods Resources";
			outputPaths = (
			);
			runOnlyForDeploymentPostprocessing = 0;
			shellPath = /bin/sh;
			shellScript = "\"${SRCROOT}/Pods/Pods-resources.sh\"\n";
			showEnvVarsInLog = 0;
		};
/* End PBXShellScriptBuildPhase section */

/* Begin PBXSourcesBuildPhase section */
		56258B7418C951BE0098773D /* Sources */ = {
			isa = PBXSourcesBuildPhase;
			buildActionMask = 2147483647;
			files = (
				56258B8C18C951BF0098773D /* MOAppDelegate.m in Sources */,
				56258B8818C951BE0098773D /* main.m in Sources */,
				564D150118C96E4A00174EA0 /* MOProximityService.m in Sources */,
			);
			runOnlyForDeploymentPostprocessing = 0;
		};
		56258B8F18C951BF0098773D /* Sources */ = {
			isa = PBXSourcesBuildPhase;
			buildActionMask = 2147483647;
			files = (
				56258BA118C951BF0098773D /* ExampleTests.m in Sources */,
			);
			runOnlyForDeploymentPostprocessing = 0;
		};
/* End PBXSourcesBuildPhase section */

/* Begin PBXTargetDependency section */
		56258B9918C951BF0098773D /* PBXTargetDependency */ = {
			isa = PBXTargetDependency;
			target = 56258B7718C951BE0098773D /* Example */;
			targetProxy = 56258B9818C951BF0098773D /* PBXContainerItemProxy */;
		};
/* End PBXTargetDependency section */

/* Begin PBXVariantGroup section */
		56258B8418C951BE0098773D /* InfoPlist.strings */ = {
			isa = PBXVariantGroup;
			children = (
				56258B8518C951BE0098773D /* en */,
			);
			name = InfoPlist.strings;
			sourceTree = "<group>";
		};
		56258B9D18C951BF0098773D /* InfoPlist.strings */ = {
			isa = PBXVariantGroup;
			children = (
				56258B9E18C951BF0098773D /* en */,
			);
			name = InfoPlist.strings;
			sourceTree = "<group>";
		};
/* End PBXVariantGroup section */

/* Begin XCBuildConfiguration section */
		56258BA218C951BF0098773D /* Debug */ = {
			isa = XCBuildConfiguration;
			buildSettings = {
				ALWAYS_SEARCH_USER_PATHS = NO;
				ARCHS = "$(ARCHS_STANDARD_INCLUDING_64_BIT)";
				CLANG_CXX_LANGUAGE_STANDARD = "gnu++0x";
				CLANG_CXX_LIBRARY = "libc++";
				CLANG_ENABLE_MODULES = YES;
				CLANG_ENABLE_OBJC_ARC = YES;
				CLANG_WARN_BOOL_CONVERSION = YES;
				CLANG_WARN_CONSTANT_CONVERSION = YES;
				CLANG_WARN_DIRECT_OBJC_ISA_USAGE = YES_ERROR;
				CLANG_WARN_EMPTY_BODY = YES;
				CLANG_WARN_ENUM_CONVERSION = YES;
				CLANG_WARN_INT_CONVERSION = YES;
				CLANG_WARN_OBJC_ROOT_CLASS = YES_ERROR;
				CLANG_WARN__DUPLICATE_METHOD_MATCH = YES;
				"CODE_SIGN_IDENTITY[sdk=iphoneos*]" = "iPhone Developer";
				COPY_PHASE_STRIP = NO;
				GCC_C_LANGUAGE_STANDARD = gnu99;
				GCC_DYNAMIC_NO_PIC = NO;
				GCC_OPTIMIZATION_LEVEL = 0;
				GCC_PREPROCESSOR_DEFINITIONS = (
					"DEBUG=1",
					"$(inherited)",
				);
				GCC_SYMBOLS_PRIVATE_EXTERN = NO;
				GCC_WARN_64_TO_32_BIT_CONVERSION = YES;
				GCC_WARN_ABOUT_RETURN_TYPE = YES_ERROR;
				GCC_WARN_UNDECLARED_SELECTOR = YES;
				GCC_WARN_UNINITIALIZED_AUTOS = YES;
				GCC_WARN_UNUSED_FUNCTION = YES;
				GCC_WARN_UNUSED_VARIABLE = YES;
				IPHONEOS_DEPLOYMENT_TARGET = 7.0;
				ONLY_ACTIVE_ARCH = YES;
				SDKROOT = iphoneos;
			};
			name = Debug;
		};
		56258BA318C951BF0098773D /* Release */ = {
			isa = XCBuildConfiguration;
			buildSettings = {
				ALWAYS_SEARCH_USER_PATHS = NO;
				ARCHS = "$(ARCHS_STANDARD_INCLUDING_64_BIT)";
				CLANG_CXX_LANGUAGE_STANDARD = "gnu++0x";
				CLANG_CXX_LIBRARY = "libc++";
				CLANG_ENABLE_MODULES = YES;
				CLANG_ENABLE_OBJC_ARC = YES;
				CLANG_WARN_BOOL_CONVERSION = YES;
				CLANG_WARN_CONSTANT_CONVERSION = YES;
				CLANG_WARN_DIRECT_OBJC_ISA_USAGE = YES_ERROR;
				CLANG_WARN_EMPTY_BODY = YES;
				CLANG_WARN_ENUM_CONVERSION = YES;
				CLANG_WARN_INT_CONVERSION = YES;
				CLANG_WARN_OBJC_ROOT_CLASS = YES_ERROR;
				CLANG_WARN__DUPLICATE_METHOD_MATCH = YES;
				"CODE_SIGN_IDENTITY[sdk=iphoneos*]" = "iPhone Developer";
				COPY_PHASE_STRIP = YES;
				ENABLE_NS_ASSERTIONS = NO;
				GCC_C_LANGUAGE_STANDARD = gnu99;
				GCC_WARN_64_TO_32_BIT_CONVERSION = YES;
				GCC_WARN_ABOUT_RETURN_TYPE = YES_ERROR;
				GCC_WARN_UNDECLARED_SELECTOR = YES;
				GCC_WARN_UNINITIALIZED_AUTOS = YES;
				GCC_WARN_UNUSED_FUNCTION = YES;
				GCC_WARN_UNUSED_VARIABLE = YES;
				IPHONEOS_DEPLOYMENT_TARGET = 7.0;
				SDKROOT = iphoneos;
				VALIDATE_PRODUCT = YES;
			};
			name = Release;
		};
		56258BA518C951BF0098773D /* Debug */ = {
			isa = XCBuildConfiguration;
			baseConfigurationReference = B8212E0837F64D8A90158EBC /* Pods.xcconfig */;
			buildSettings = {
				ASSETCATALOG_COMPILER_APPICON_NAME = AppIcon;
				ASSETCATALOG_COMPILER_LAUNCHIMAGE_NAME = LaunchImage;
				GCC_PRECOMPILE_PREFIX_HEADER = YES;
				GCC_PREFIX_HEADER = "Example/Example-Prefix.pch";
				INFOPLIST_FILE = "Example/Example-Info.plist";
				PRODUCT_NAME = "$(TARGET_NAME)";
				WRAPPER_EXTENSION = app;
			};
			name = Debug;
		};
		56258BA618C951BF0098773D /* Release */ = {
			isa = XCBuildConfiguration;
			baseConfigurationReference = B8212E0837F64D8A90158EBC /* Pods.xcconfig */;
			buildSettings = {
				ASSETCATALOG_COMPILER_APPICON_NAME = AppIcon;
				ASSETCATALOG_COMPILER_LAUNCHIMAGE_NAME = LaunchImage;
				GCC_PRECOMPILE_PREFIX_HEADER = YES;
				GCC_PREFIX_HEADER = "Example/Example-Prefix.pch";
				INFOPLIST_FILE = "Example/Example-Info.plist";
				PRODUCT_NAME = "$(TARGET_NAME)";
				WRAPPER_EXTENSION = app;
			};
			name = Release;
		};
		56258BA818C951BF0098773D /* Debug */ = {
			isa = XCBuildConfiguration;
			buildSettings = {
				ARCHS = "$(ARCHS_STANDARD_INCLUDING_64_BIT)";
				BUNDLE_LOADER = "$(BUILT_PRODUCTS_DIR)/Example.app/Example";
				FRAMEWORK_SEARCH_PATHS = (
					"$(SDKROOT)/Developer/Library/Frameworks",
					"$(inherited)",
					"$(DEVELOPER_FRAMEWORKS_DIR)",
				);
				GCC_PRECOMPILE_PREFIX_HEADER = YES;
				GCC_PREFIX_HEADER = "Example/Example-Prefix.pch";
				GCC_PREPROCESSOR_DEFINITIONS = (
					"DEBUG=1",
					"$(inherited)",
				);
				INFOPLIST_FILE = "ExampleTests/ExampleTests-Info.plist";
				PRODUCT_NAME = "$(TARGET_NAME)";
				TEST_HOST = "$(BUNDLE_LOADER)";
				WRAPPER_EXTENSION = xctest;
			};
			name = Debug;
		};
		56258BA918C951BF0098773D /* Release */ = {
			isa = XCBuildConfiguration;
			buildSettings = {
				ARCHS = "$(ARCHS_STANDARD_INCLUDING_64_BIT)";
				BUNDLE_LOADER = "$(BUILT_PRODUCTS_DIR)/Example.app/Example";
				FRAMEWORK_SEARCH_PATHS = (
					"$(SDKROOT)/Developer/Library/Frameworks",
					"$(inherited)",
					"$(DEVELOPER_FRAMEWORKS_DIR)",
				);
				GCC_PRECOMPILE_PREFIX_HEADER = YES;
				GCC_PREFIX_HEADER = "Example/Example-Prefix.pch";
				INFOPLIST_FILE = "ExampleTests/ExampleTests-Info.plist";
				PRODUCT_NAME = "$(TARGET_NAME)";
				TEST_HOST = "$(BUNDLE_LOADER)";
				WRAPPER_EXTENSION = xctest;
			};
			name = Release;
		};
/* End XCBuildConfiguration section */

/* Begin XCConfigurationList section */
		56258B7318C951BE0098773D /* Build configuration list for PBXProject "Example" */ = {
			isa = XCConfigurationList;
			buildConfigurations = (
				56258BA218C951BF0098773D /* Debug */,
				56258BA318C951BF0098773D /* Release */,
			);
			defaultConfigurationIsVisible = 0;
			defaultConfigurationName = Release;
		};
		56258BA418C951BF0098773D /* Build configuration list for PBXNativeTarget "Example" */ = {
			isa = XCConfigurationList;
			buildConfigurations = (
				56258BA518C951BF0098773D /* Debug */,
				56258BA618C951BF0098773D /* Release */,
			);
			defaultConfigurationIsVisible = 0;
			defaultConfigurationName = Release;
		};
		56258BA718C951BF0098773D /* Build configuration list for PBXNativeTarget "ExampleTests" */ = {
			isa = XCConfigurationList;
			buildConfigurations = (
				56258BA818C951BF0098773D /* Debug */,
				56258BA918C951BF0098773D /* Release */,
			);
			defaultConfigurationIsVisible = 0;
			defaultConfigurationName = Release;
		};
/* End XCConfigurationList section */
	};
	rootObject = 56258B7018C951BE0098773D /* Project object */;
}
